
Microsoft Visual Studio Solution File, Format Version 12.00
# Visual Studio Version 17
VisualStudioVersion = 17.3.32811.315
MinimumVisualStudioVersion = 10.0.40219.1
Project("{FAE04EC0-301F-11D3-BF4B-00C04F79EFBC}") = "Dan2Task1", "Dan2Task1\Dan2Task1.csproj", "{783E2076-37E8-4752-A980-CA28C4B67F95}"
EndProject
Global
	GlobalSection(SolutionConfigurationPlatforms) = preSolution
		Debug|Any CPU = Debug|Any CPU
		Release|Any CPU = Release|Any CPU
	EndGlobalSection
	GlobalSection(ProjectConfigurationPlatforms) = postSolution
		{783E2076-37E8-4752-A980-CA28C4B67F95}.Debug|Any CPU.ActiveCfg = Debug|Any CPU
		{783E2076-37E8-4752-A980-CA28C4B67F95}.Debug|Any CPU.Build.0 = Debug|Any CPU
		{783E2076-37E8-4752-A980-CA28C4B67F95}.Release|Any CPU.ActiveCfg = Release|Any CPU
		{783E2076-37E8-4752-A980-CA28C4B67F95}.Release|Any CPU.Build.0 = Release|Any CPU
	EndGlobalSection
	GlobalSection(SolutionProperties) = preSolution
		HideSolutionNode = FALSE
	EndGlobalSection
	GlobalSection(ExtensibilityGlobals) = postSolution
		SolutionGuid = {C026E3DC-7F83-4F33-B9B3-B6DE7465A0C3}
	EndGlobalSection
EndGlobal
